// !$*UTF8*$!
{
	archiveVersion = 1;
	classes = {
	};
	objectVersion = 46;
	objects = {

/* Begin PBXBuildFile section */
		7C55B54810821F357D6BD480 /* Pods_AutoLayoutDemo.framework in Frameworks */ = {isa = PBXBuildFile; fileRef = AB4366D2AC84DF257A7E14E3 /* Pods_AutoLayoutDemo.framework */; };
		AA1052421F3ED7CF00B55751 /* SegmentControl.swift in Sources */ = {isa = PBXBuildFile; fileRef = AA1052411F3ED7CF00B55751 /* SegmentControl.swift */; };
		AA1A9F6B1F3763F500CF165F /* AppDelegate.swift in Sources */ = {isa = PBXBuildFile; fileRef = AA1A9F6A1F3763F500CF165F /* AppDelegate.swift */; };
		AA1A9F6D1F3763F500CF165F /* ViewController.swift in Sources */ = {isa = PBXBuildFile; fileRef = AA1A9F6C1F3763F500CF165F /* ViewController.swift */; };
		AA1A9F701F3763F500CF165F /* Main.storyboard in Resources */ = {isa = PBXBuildFile; fileRef = AA1A9F6E1F3763F500CF165F /* Main.storyboard */; };
		AA1A9F721F3763F500CF165F /* Assets.xcassets in Resources */ = {isa = PBXBuildFile; fileRef = AA1A9F711F3763F500CF165F /* Assets.xcassets */; };
		AA1A9F751F3763F500CF165F /* LaunchScreen.storyboard in Resources */ = {isa = PBXBuildFile; fileRef = AA1A9F731F3763F500CF165F /* LaunchScreen.storyboard */; };
/* End PBXBuildFile section */

/* Begin PBXFileReference section */
		9B4648CCC03AD6E7BB26BBE0 /* Pods-AutoLayoutDemo.release.xcconfig */ = {isa = PBXFileReference; includeInIndex = 1; lastKnownFileType = text.xcconfig; name = "Pods-AutoLayoutDemo.release.xcconfig"; path = "Pods/Target Support Files/Pods-AutoLayoutDemo/Pods-AutoLayoutDemo.release.xcconfig"; sourceTree = "<group>"; };
		AA1052411F3ED7CF00B55751 /* SegmentControl.swift */ = {isa = PBXFileReference; fileEncoding = 4; lastKnownFileType = sourcecode.swift; path = SegmentControl.swift; sourceTree = "<group>"; };
		AA1A9F671F3763F500CF165F /* AutoLayoutDemo.app */ = {isa = PBXFileReference; explicitFileType = wrapper.application; includeInIndex = 0; path = AutoLayoutDemo.app; sourceTree = BUILT_PRODUCTS_DIR; };
		AA1A9F6A1F3763F500CF165F /* AppDelegate.swift */ = {isa = PBXFileReference; lastKnownFileType = sourcecode.swift; path = AppDelegate.swift; sourceTree = "<group>"; };
		AA1A9F6C1F3763F500CF165F /* ViewController.swift */ = {isa = PBXFileReference; lastKnownFileType = sourcecode.swift; path = ViewController.swift; sourceTree = "<group>"; };
		AA1A9F6F1F3763F500CF165F /* Base */ = {isa = PBXFileReference; lastKnownFileType = file.storyboard; name = Base; path = Base.lproj/Main.storyboard; sourceTree = "<group>"; };
		AA1A9F711F3763F500CF165F /* Assets.xcassets */ = {isa = PBXFileReference; lastKnownFileType = folder.assetcatalog; path = Assets.xcassets; sourceTree = "<group>"; };
		AA1A9F741F3763F500CF165F /* Base */ = {isa = PBXFileReference; lastKnownFileType = file.storyboard; name = Base; path = Base.lproj/LaunchScreen.storyboard; sourceTree = "<group>"; };
		AA1A9F761F3763F500CF165F /* Info.plist */ = {isa = PBXFileReference; lastKnownFileType = text.plist.xml; path = Info.plist; sourceTree = "<group>"; };
		AB4366D2AC84DF257A7E14E3 /* Pods_AutoLayoutDemo.framework */ = {isa = PBXFileReference; explicitFileType = wrapper.framework; includeInIndex = 0; path = Pods_AutoLayoutDemo.framework; sourceTree = BUILT_PRODUCTS_DIR; };
		F1B73E1A58335A3EFF89D91F /* Pods-AutoLayoutDemo.debug.xcconfig */ = {isa = PBXFileReference; includeInIndex = 1; lastKnownFileType = text.xcconfig; name = "Pods-AutoLayoutDemo.debug.xcconfig"; path = "Pods/Target Support Files/Pods-AutoLayoutDemo/Pods-AutoLayoutDemo.debug.xcconfig"; sourceTree = "<group>"; };
/* End PBXFileReference section */

/* Begin PBXFrameworksBuildPhase section */
		AA1A9F641F3763F500CF165F /* Frameworks */ = {
			isa = PBXFrameworksBuildPhase;
			buildActionMask = 2147483647;
			files = (
				7C55B54810821F357D6BD480 /* Pods_AutoLayoutDemo.framework in Frameworks */,
			);
			runOnlyForDeploymentPostprocessing = 0;
		};
/* End PBXFrameworksBuildPhase section */

/* Begin PBXGroup section */
		A9120931F7A0D1E1F1068CC0 /* Frameworks */ = {
			isa = PBXGroup;
			children = (
				AB4366D2AC84DF257A7E14E3 /* Pods_AutoLayoutDemo.framework */,
			);
			name = Frameworks;
			sourceTree = "<group>";
		};
		AA1A9F5E1F3763F500CF165F = {
			isa = PBXGroup;
			children = (
				AA1A9F691F3763F500CF165F /* AutoLayoutDemo */,
				AA1A9F681F3763F500CF165F /* Products */,
				F35D9F843BBC4F46C6E75546 /* Pods */,
				A9120931F7A0D1E1F1068CC0 /* Frameworks */,
			);
			sourceTree = "<group>";
		};
		AA1A9F681F3763F500CF165F /* Products */ = {
			isa = PBXGroup;
			children = (
				AA1A9F671F3763F500CF165F /* AutoLayoutDemo.app */,
			);
			name = Products;
			sourceTree = "<group>";
		};
		AA1A9F691F3763F500CF165F /* AutoLayoutDemo */ = {
			isa = PBXGroup;
			children = (
				AA1A9F6A1F3763F500CF165F /* AppDelegate.swift */,
				AA1052411F3ED7CF00B55751 /* SegmentControl.swift */,
				AA1A9F6C1F3763F500CF165F /* ViewController.swift */,
				AA1A9F6E1F3763F500CF165F /* Main.storyboard */,
				AA1A9F711F3763F500CF165F /* Assets.xcassets */,
				AA1A9F731F3763F500CF165F /* LaunchScreen.storyboard */,
				AA1A9F761F3763F500CF165F /* Info.plist */,
			);
			path = AutoLayoutDemo;
			sourceTree = "<group>";
		};
		F35D9F843BBC4F46C6E75546 /* Pods */ = {
			isa = PBXGroup;
			children = (
				F1B73E1A58335A3EFF89D91F /* Pods-AutoLayoutDemo.debug.xcconfig */,
				9B4648CCC03AD6E7BB26BBE0 /* Pods-AutoLayoutDemo.release.xcconfig */,
			);
			name = Pods;
			sourceTree = "<group>";
		};
/* End PBXGroup section */

/* Begin PBXNativeTarget section */
		AA1A9F661F3763F500CF165F /* AutoLayoutDemo */ = {
			isa = PBXNativeTarget;
			buildConfigurationList = AA1A9F791F3763F500CF165F /* Build configuration list for PBXNativeTarget "AutoLayoutDemo" */;
			buildPhases = (
				6B2EB8FB69B0F18038005A63 /* [CP] Check Pods Manifest.lock */,
				AA1A9F631F3763F500CF165F /* Sources */,
				AA1A9F641F3763F500CF165F /* Frameworks */,
				AA1A9F651F3763F500CF165F /* Resources */,
				8014CA901A0E4EA52A9A1051 /* [CP] Embed Pods Frameworks */,
				613D0DF5A0135075920F1573 /* [CP] Copy Pods Resources */,
			);
			buildRules = (
			);
			dependencies = (
			);
			name = AutoLayoutDemo;
			productName = AutoLayoutDemo;
			productReference = AA1A9F671F3763F500CF165F /* AutoLayoutDemo.app */;
			productType = "com.apple.product-type.application";
		};
/* End PBXNativeTarget section */

/* Begin PBXProject section */
		AA1A9F5F1F3763F500CF165F /* Project object */ = {
			isa = PBXProject;
			attributes = {
				LastSwiftUpdateCheck = 0830;
				LastUpgradeCheck = 0830;
				ORGANIZATIONNAME = Jack;
				TargetAttributes = {
					AA1A9F661F3763F500CF165F = {
						CreatedOnToolsVersion = 8.3.3;
						DevelopmentTeam = GTVM2F95ZD;
						ProvisioningStyle = Automatic;
					};
				};
			};
			buildConfigurationList = AA1A9F621F3763F500CF165F /* Build configuration list for PBXProject "AutoLayoutDemo" */;
			compatibilityVersion = "Xcode 3.2";
			developmentRegion = English;
			hasScannedForEncodings = 0;
			knownRegions = (
				en,
				Base,
			);
			mainGroup = AA1A9F5E1F3763F500CF165F;
			productRefGroup = AA1A9F681F3763F500CF165F /* Products */;
			projectDirPath = "";
			projectRoot = "";
			targets = (
				AA1A9F661F3763F500CF165F /* AutoLayoutDemo */,
			);
		};
/* End PBXProject section */

/* Begin PBXResourcesBuildPhase section */
		AA1A9F651F3763F500CF165F /* Resources */ = {
			isa = PBXResourcesBuildPhase;
			buildActionMask = 2147483647;
			files = (
				AA1A9F751F3763F500CF165F /* LaunchScreen.storyboard in Resources */,
				AA1A9F721F3763F500CF165F /* Assets.xcassets in Resources */,
				AA1A9F701F3763F500CF165F /* Main.storyboard in Resources */,
			);
			runOnlyForDeploymentPostprocessing = 0;
		};
/* End PBXResourcesBuildPhase section */

/* Begin PBXShellScriptBuildPhase section */
		613D0DF5A0135075920F1573 /* [CP] Copy Pods Resources */ = {
			isa = PBXShellScriptBuildPhase;
			buildActionMask = 2147483647;
			files = (
			);
			inputPaths = (
			);
			name = "[CP] Copy Pods Resources";
			outputPaths = (
			);
			runOnlyForDeploymentPostprocessing = 0;
			shellPath = /bin/sh;
			shellScript = "\"${SRCROOT}/Pods/Target Support Files/Pods-AutoLayoutDemo/Pods-AutoLayoutDemo-resources.sh\"\n";
			showEnvVarsInLog = 0;
		};
		6B2EB8FB69B0F18038005A63 /* [CP] Check Pods Manifest.lock */ = {
			isa = PBXShellScriptBuildPhase;
			buildActionMask = 2147483647;
			files = (
			);
			inputPaths = (
				"${PODS_PODFILE_DIR_PATH}/Podfile.lock",
				"${PODS_ROOT}/Manifest.lock",
			);
			name = "[CP] Check Pods Manifest.lock";
			outputPaths = (
				"$(DERIVED_FILE_DIR)/Pods-AutoLayoutDemo-checkManifestLockResult.txt",
			);
			runOnlyForDeploymentPostprocessing = 0;
			shellPath = /bin/sh;
			shellScript = "diff \"${PODS_PODFILE_DIR_PATH}/Podfile.lock\" \"${PODS_ROOT}/Manifest.lock\" > /dev/null\nif [ $? != 0 ] ; then\n    # print error to STDERR\n    echo \"error: The sandbox is not in sync with the Podfile.lock. Run 'pod install' or update your CocoaPods installation.\" >&2\n    exit 1\nfi\n# This output is used by Xcode 'outputs' to avoid re-running this script phase.\necho \"SUCCESS\" > \"${SCRIPT_OUTPUT_FILE_0}\"\n";
			showEnvVarsInLog = 0;
		};
		8014CA901A0E4EA52A9A1051 /* [CP] Embed Pods Frameworks */ = {
			isa = PBXShellScriptBuildPhase;
			buildActionMask = 2147483647;
			files = (
			);
			inputPaths = (
				"${SRCROOT}/Pods/Target Support Files/Pods-AutoLayoutDemo/Pods-AutoLayoutDemo-frameworks.sh",
				"${BUILT_PRODUCTS_DIR}/SnapKit/SnapKit.framework",
			);
			name = "[CP] Embed Pods Frameworks";
			outputPaths = (
				"${TARGET_BUILD_DIR}/${FRAMEWORKS_FOLDER_PATH}/SnapKit.framework",
			);
			runOnlyForDeploymentPostprocessing = 0;
			shellPath = /bin/sh;
			shellScript = "\"${SRCROOT}/Pods/Target Support Files/Pods-AutoLayoutDemo/Pods-AutoLayoutDemo-frameworks.sh\"\n";
			showEnvVarsInLog = 0;
		};
/* End PBXShellScriptBuildPhase section */

/* Begin PBXSourcesBuildPhase section */
		AA1A9F631F3763F500CF165F /* Sources */ = {
			isa = PBXSourcesBuildPhase;
			buildActionMask = 2147483647;
			files = (
				AA1A9F6D1F3763F500CF165F /* ViewController.swift in Sources */,
				AA1A9F6B1F3763F500CF165F /* AppDelegate.swift in Sources */,
				AA1052421F3ED7CF00B55751 /* SegmentControl.swift in Sources */,
			);
			runOnlyForDeploymentPostprocessing = 0;
		};
/* End PBXSourcesBuildPhase section */

/* Begin PBXVariantGroup section */
		AA1A9F6E1F3763F500CF165F /* Main.storyboard */ = {
			isa = PBXVariantGroup;
			children = (
				AA1A9F6F1F3763F500CF165F /* Base */,
			);
			name = Main.storyboard;
			sourceTree = "<group>";
		};
		AA1A9F731F3763F500CF165F /* LaunchScreen.storyboard */ = {
			isa = PBXVariantGroup;
			children = (
				AA1A9F741F3763F500CF165F /* Base */,
			);
			name = LaunchScreen.storyboard;
			sourceTree = "<group>";
		};
/* End PBXVariantGroup section */

/* Begin XCBuildConfiguration section */
		AA1A9F771F3763F500CF165F /* Debug */ = {
			isa = XCBuildConfiguration;
			buildSettings = {
				ALWAYS_SEARCH_USER_PATHS = NO;
				CLANG_ANALYZER_NONNULL = YES;
				CLANG_ANALYZER_NUMBER_OBJECT_CONVERSION = YES_AGGRESSIVE;
				CLANG_CXX_LANGUAGE_STANDARD = "gnu++0x";
				CLANG_CXX_LIBRARY = "libc++";
				CLANG_ENABLE_MODULES = YES;
				CLANG_ENABLE_OBJC_ARC = YES;
				CLANG_WARN_BOOL_CONVERSION = YES;
				CLANG_WARN_CONSTANT_CONVERSION = YES;
				CLANG_WARN_DIRECT_OBJC_ISA_USAGE = YES_ERROR;
				CLANG_WARN_DOCUMENTATION_COMMENTS = YES;
				CLANG_WARN_EMPTY_BODY = YES;
				CLANG_WARN_ENUM_CONVERSION = YES;
				CLANG_WARN_INFINITE_RECURSION = YES;
				CLANG_WARN_INT_CONVERSION = YES;
				CLANG_WARN_OBJC_ROOT_CLASS = YES_ERROR;
				CLANG_WARN_SUSPICIOUS_MOVE = YES;
				CLANG_WARN_UNREACHABLE_CODE = YES;
				CLANG_WARN__DUPLICATE_METHOD_MATCH = YES;
				"CODE_SIGN_IDENTITY[sdk=iphoneos*]" = "iPhone Developer";
				COPY_PHASE_STRIP = NO;
				DEBUG_INFORMATION_FORMAT = dwarf;
				ENABLE_STRICT_OBJC_MSGSEND = YES;
				ENABLE_TESTABILITY = YES;
				GCC_C_LANGUAGE_STANDARD = gnu99;
				GCC_DYNAMIC_NO_PIC = NO;
				GCC_NO_COMMON_BLOCKS = YES;
				GCC_OPTIMIZATION_LEVEL = 0;
				GCC_PREPROCESSOR_DEFINITIONS = (
					"DEBUG=1",
					"$(inherited)",
				);
				GCC_WARN_64_TO_32_BIT_CONVERSION = YES;
				GCC_WARN_ABOUT_RETURN_TYPE = YES_ERROR;
				GCC_WARN_UNDECLARED_SELECTOR = YES;
				GCC_WARN_UNINITIALIZED_AUTOS = YES_AGGRESSIVE;
				GCC_WARN_UNUSED_FUNCTION = YES;
				GCC_WARN_UNUSED_VARIABLE = YES;
				IPHONEOS_DEPLOYMENT_TARGET = 10.3;
				MTL_ENABLE_DEBUG_INFO = YES;
				ONLY_ACTIVE_ARCH = YES;
				SDKROOT = iphoneos;
				SWIFT_ACTIVE_COMPILATION_CONDITIONS = DEBUG;
				SWIFT_OPTIMIZATION_LEVEL = "-Onone";
				SWIFT_VERSION = 4.0;
				TARGETED_DEVICE_FAMILY = "1,2";
			};
			name = Debug;
		};
		AA1A9F781F3763F500CF165F /* Release */ = {
			isa = XCBuildConfiguration;
			buildSettings = {
				ALWAYS_SEARCH_USER_PATHS = NO;
				CLANG_ANALYZER_NONNULL = YES;
				CLANG_ANALYZER_NUMBER_OBJECT_CONVERSION = YES_AGGRESSIVE;
				CLANG_CXX_LANGUAGE_STANDARD = "gnu++0x";
				CLANG_CXX_LIBRARY = "libc++";
				CLANG_ENABLE_MODULES = YES;
				CLANG_ENABLE_OBJC_ARC = YES;
				CLANG_WARN_BOOL_CONVERSION = YES;
				CLANG_WARN_CONSTANT_CONVERSION = YES;
				CLANG_WARN_DIRECT_OBJC_ISA_USAGE = YES_ERROR;
				CLANG_WARN_DOCUMENTATION_COMMENTS = YES;
				CLANG_WARN_EMPTY_BODY = YES;
				CLANG_WARN_ENUM_CONVERSION = YES;
				CLANG_WARN_INFINITE_RECURSION = YES;
				CLANG_WARN_INT_CONVERSION = YES;
				CLANG_WARN_OBJC_ROOT_CLASS = YES_ERROR;
				CLANG_WARN_SUSPICIOUS_MOVE = YES;
				CLANG_WARN_UNREACHABLE_CODE = YES;
				CLANG_WARN__DUPLICATE_METHOD_MATCH = YES;
				"CODE_SIGN_IDENTITY[sdk=iphoneos*]" = "iPhone Developer";
				COPY_PHASE_STRIP = NO;
				DEBUG_INFORMATION_FORMAT = "dwarf-with-dsym";
				ENABLE_NS_ASSERTIONS = NO;
				ENABLE_STRICT_OBJC_MSGSEND = YES;
				GCC_C_LANGUAGE_STANDARD = gnu99;
				GCC_NO_COMMON_BLOCKS = YES;
				GCC_WARN_64_TO_32_BIT_CONVERSION = YES;
				GCC_WARN_ABOUT_RETURN_TYPE = YES_ERROR;
				GCC_WARN_UNDECLARED_SELECTOR = YES;
				GCC_WARN_UNINITIALIZED_AUTOS = YES_AGGRESSIVE;
				GCC_WARN_UNUSED_FUNCTION = YES;
				GCC_WARN_UNUSED_VARIABLE = YES;
				IPHONEOS_DEPLOYMENT_TARGET = 10.3;
				MTL_ENABLE_DEBUG_INFO = NO;
				SDKROOT = iphoneos;
				SWIFT_OPTIMIZATION_LEVEL = "-Owholemodule";
				SWIFT_VERSION = 4.0;
				TARGETED_DEVICE_FAMILY = "1,2";
				VALIDATE_PRODUCT = YES;
			};
			name = Release;
		};
		AA1A9F7A1F3763F500CF165F /* Debug */ = {
			isa = XCBuildConfiguration;
			baseConfigurationReference = F1B73E1A58335A3EFF89D91F /* Pods-AutoLayoutDemo.debug.xcconfig */;
			buildSettings = {
				ASSETCATALOG_COMPILER_APPICON_NAME = AppIcon;
				DEVELOPMENT_TEAM = GTVM2F95ZD;
				INFOPLIST_FILE = AutoLayoutDemo/Info.plist;
				LD_RUNPATH_SEARCH_PATHS = "$(inherited) @executable_path/Frameworks";
				PRODUCT_BUNDLE_IDENTIFIER = com.ele.AutoLayoutDemo;
				PRODUCT_NAME = "$(TARGET_NAME)";
				SWIFT_VERSION = 4.0;
			};
			name = Debug;
		};
		AA1A9F7B1F3763F500CF165F /* Release */ = {
			isa = XCBuildConfiguration;
			baseConfigurationReference = 9B4648CCC03AD6E7BB26BBE0 /* Pods-AutoLayoutDemo.release.xcconfig */;
			buildSettings = {
				ASSETCATALOG_COMPILER_APPICON_NAME = AppIcon;
				DEVELOPMENT_TEAM = GTVM2F95ZD;
				INFOPLIST_FILE = AutoLayoutDemo/Info.plist;
				LD_RUNPATH_SEARCH_PATHS = "$(inherited) @executable_path/Frameworks";
				PRODUCT_BUNDLE_IDENTIFIER = com.ele.AutoLayoutDemo;
				PRODUCT_NAME = "$(TARGET_NAME)";
				SWIFT_VERSION = 4.0;
			};
			name = Release;
		};
/* End XCBuildConfiguration section */

/* Begin XCConfigurationList section */
		AA1A9F621F3763F500CF165F /* Build configuration list for PBXProject "AutoLayoutDemo" */ = {
			isa = XCConfigurationList;
			buildConfigurations = (
				AA1A9F771F3763F500CF165F /* Debug */,
				AA1A9F781F3763F500CF165F /* Release */,
			);
			defaultConfigurationIsVisible = 0;
			defaultConfigurationName = Release;
		};
		AA1A9F791F3763F500CF165F /* Build configuration list for PBXNativeTarget "AutoLayoutDemo" */ = {
			isa = XCConfigurationList;
			buildConfigurations = (
				AA1A9F7A1F3763F500CF165F /* Debug */,
				AA1A9F7B1F3763F500CF165F /* Release */,
			);
			defaultConfigurationIsVisible = 0;
			defaultConfigurationName = Release;
		};
/* End XCConfigurationList section */
	};
	rootObject = AA1A9F5F1F3763F500CF165F /* Project object */;
}
